
Microsoft Visual Studio Solution File, Format Version 12.00
# Visual Studio Version 16
VisualStudioVersion = 16.0.30320.27
MinimumVisualStudioVersion = 10.0.40219.1
Project("{8BC9CEB8-8B4A-11D0-8D11-00A0C91BC942}") = "cpp", "cpp\cpp.vcxproj", "{13E3F8E2-BC65-4343-8B37-9972F0B0816F}"
EndProject
Project("{8BC9CEB8-8B4A-11D0-8D11-00A0C91BC942}") = "stack", "stack\stack.vcxproj", "{2591FB7B-C656-4250-A3E8-82F3097BFC9F}"
EndProject
Project("{8BC9CEB8-8B4A-11D0-8D11-00A0C91BC942}") = "stackwyslanie", "stackwyslanie\stackwyslanie.vcxproj", "{E4E8043D-C4E6-4850-8D89-370321B6DA9D}"
EndProject
Project("{8BC9CEB8-8B4A-11D0-8D11-00A0C91BC942}") = "operatory", "operatory\operatory.vcxproj", "{858075C0-E396-416C-A5D2-C488918F5444}"
EndProject
Project("{8BC9CEB8-8B4A-11D0-8D11-00A0C91BC942}") = "poly", "poly\poly.vcxproj", "{D4FB4BA8-6E43-48F9-95C0-7EFD1B5ADF47}"
EndProject
Project("{8BC9CEB8-8B4A-11D0-8D11-00A0C91BC942}") = "poly wektor", "poly wektor\poly wektor.vcxproj", "{E31F471E-D36A-436E-9FF3-5576F5FCB5E0}"
EndProject
Project("{8BC9CEB8-8B4A-11D0-8D11-00A0C91BC942}") = "rcstring", "rcstring\rcstring.vcxproj", "{E3C371FD-94FC-43CC-B806-87034406A1F7}"
EndProject
Project("{8BC9CEB8-8B4A-11D0-8D11-00A0C91BC942}") = "map", "map\map.vcxproj", "{FDB1F559-668D-4226-8D73-322F9370D54F}"
EndProject
Project("{8BC9CEB8-8B4A-11D0-8D11-00A0C91BC942}") = "histogram", "histogram\histogram.vcxproj", "{68F9E6B8-0C67-4F80-9512-566224F3CBBC}"
EndProject
Project("{8BC9CEB8-8B4A-11D0-8D11-00A0C91BC942}") = "lista_nauka", "lista_nauka\lista_nauka.vcxproj", "{A231E7C7-B7A5-4F23-87E3-87A14621A8A8}"
EndProject
Project("{8BC9CEB8-8B4A-11D0-8D11-00A0C91BC942}") = "SmartPoint", "SmartPoint\SmartPoint.vcxproj", "{42FAA18D-A1EC-4EF1-A46A-CEF97CFBAF00}"
EndProject
Project("{8BC9CEB8-8B4A-11D0-8D11-00A0C91BC942}") = "Lambda i kontener", "Lambda i kontener\Lambda i kontener.vcxproj", "{D17817F7-EFB0-4110-A50D-9E801D4A1BD4}"
EndProject
Project("{8BC9CEB8-8B4A-11D0-8D11-00A0C91BC942}") = "Pliki", "Pliki\Pliki.vcxproj", "{CE849734-9384-466C-B67C-F7682C04709D}"
EndProject
Project("{8BC9CEB8-8B4A-11D0-8D11-00A0C91BC942}") = "sum_number", "sum_number\sum_number.vcxproj", "{235321C2-0E1E-4B44-B1BA-38143C890DAF}"
EndProject
Project("{8BC9CEB8-8B4A-11D0-8D11-00A0C91BC942}") = "zadania", "zadania\zadania.vcxproj", "{5774C102-9CAB-4393-B050-BBAFD590F01F}"
EndProject
Project("{8BC9CEB8-8B4A-11D0-8D11-00A0C91BC942}") = "optional", "optional\optional.vcxproj", "{07C56B2E-E309-4631-A186-1950D2911BD7}"
EndProject
Project("{8BC9CEB8-8B4A-11D0-8D11-00A0C91BC942}") = "3_stack_main_1.cpp", "3_stack_main_1.cpp\3_stack_main_1.cpp.vcxproj", "{9586D0DC-065E-44CE-BD4F-F6C022DF8A23}"
EndProject
Project("{8BC9CEB8-8B4A-11D0-8D11-00A0C91BC942}") = "CAR", "CAR\CAR.vcxproj", "{9B56D649-367A-48C0-9B20-C93E169C9276}"
EndProject
Project("{8BC9CEB8-8B4A-11D0-8D11-00A0C91BC942}") = "Temp", "Temp\Temp.vcxproj", "{7C07005C-92F1-4B10-9633-E8CFE0C48A85}"
EndProject
Global
	GlobalSection(SolutionConfigurationPlatforms) = preSolution
		Debug|x64 = Debug|x64
		Debug|x86 = Debug|x86
		Release|x64 = Release|x64
		Release|x86 = Release|x86
	EndGlobalSection
	GlobalSection(ProjectConfigurationPlatforms) = postSolution
		{13E3F8E2-BC65-4343-8B37-9972F0B0816F}.Debug|x64.ActiveCfg = Debug|x64
		{13E3F8E2-BC65-4343-8B37-9972F0B0816F}.Debug|x64.Build.0 = Debug|x64
		{13E3F8E2-BC65-4343-8B37-9972F0B0816F}.Debug|x86.ActiveCfg = Debug|Win32
		{13E3F8E2-BC65-4343-8B37-9972F0B0816F}.Debug|x86.Build.0 = Debug|Win32
		{13E3F8E2-BC65-4343-8B37-9972F0B0816F}.Release|x64.ActiveCfg = Release|x64
		{13E3F8E2-BC65-4343-8B37-9972F0B0816F}.Release|x64.Build.0 = Release|x64
		{13E3F8E2-BC65-4343-8B37-9972F0B0816F}.Release|x86.ActiveCfg = Release|Win32
		{13E3F8E2-BC65-4343-8B37-9972F0B0816F}.Release|x86.Build.0 = Release|Win32
		{2591FB7B-C656-4250-A3E8-82F3097BFC9F}.Debug|x64.ActiveCfg = Debug|x64
		{2591FB7B-C656-4250-A3E8-82F3097BFC9F}.Debug|x64.Build.0 = Debug|x64
		{2591FB7B-C656-4250-A3E8-82F3097BFC9F}.Debug|x86.ActiveCfg = Debug|Win32
		{2591FB7B-C656-4250-A3E8-82F3097BFC9F}.Debug|x86.Build.0 = Debug|Win32
		{2591FB7B-C656-4250-A3E8-82F3097BFC9F}.Release|x64.ActiveCfg = Release|x64
		{2591FB7B-C656-4250-A3E8-82F3097BFC9F}.Release|x64.Build.0 = Release|x64
		{2591FB7B-C656-4250-A3E8-82F3097BFC9F}.Release|x86.ActiveCfg = Release|Win32
		{2591FB7B-C656-4250-A3E8-82F3097BFC9F}.Release|x86.Build.0 = Release|Win32
		{E4E8043D-C4E6-4850-8D89-370321B6DA9D}.Debug|x64.ActiveCfg = Debug|x64
		{E4E8043D-C4E6-4850-8D89-370321B6DA9D}.Debug|x64.Build.0 = Debug|x64
		{E4E8043D-C4E6-4850-8D89-370321B6DA9D}.Debug|x86.ActiveCfg = Debug|Win32
		{E4E8043D-C4E6-4850-8D89-370321B6DA9D}.Debug|x86.Build.0 = Debug|Win32
		{E4E8043D-C4E6-4850-8D89-370321B6DA9D}.Release|x64.ActiveCfg = Release|x64
		{E4E8043D-C4E6-4850-8D89-370321B6DA9D}.Release|x64.Build.0 = Release|x64
		{E4E8043D-C4E6-4850-8D89-370321B6DA9D}.Release|x86.ActiveCfg = Release|Win32
		{E4E8043D-C4E6-4850-8D89-370321B6DA9D}.Release|x86.Build.0 = Release|Win32
		{858075C0-E396-416C-A5D2-C488918F5444}.Debug|x64.ActiveCfg = Debug|x64
		{858075C0-E396-416C-A5D2-C488918F5444}.Debug|x64.Build.0 = Debug|x64
		{858075C0-E396-416C-A5D2-C488918F5444}.Debug|x86.ActiveCfg = Debug|Win32
		{858075C0-E396-416C-A5D2-C488918F5444}.Debug|x86.Build.0 = Debug|Win32
		{858075C0-E396-416C-A5D2-C488918F5444}.Release|x64.ActiveCfg = Release|x64
		{858075C0-E396-416C-A5D2-C488918F5444}.Release|x64.Build.0 = Release|x64
		{858075C0-E396-416C-A5D2-C488918F5444}.Release|x86.ActiveCfg = Release|Win32
		{858075C0-E396-416C-A5D2-C488918F5444}.Release|x86.Build.0 = Release|Win32
		{D4FB4BA8-6E43-48F9-95C0-7EFD1B5ADF47}.Debug|x64.ActiveCfg = Debug|x64
		{D4FB4BA8-6E43-48F9-95C0-7EFD1B5ADF47}.Debug|x64.Build.0 = Debug|x64
		{D4FB4BA8-6E43-48F9-95C0-7EFD1B5ADF47}.Debug|x86.ActiveCfg = Debug|Win32
		{D4FB4BA8-6E43-48F9-95C0-7EFD1B5ADF47}.Debug|x86.Build.0 = Debug|Win32
		{D4FB4BA8-6E43-48F9-95C0-7EFD1B5ADF47}.Release|x64.ActiveCfg = Release|x64
		{D4FB4BA8-6E43-48F9-95C0-7EFD1B5ADF47}.Release|x64.Build.0 = Release|x64
		{D4FB4BA8-6E43-48F9-95C0-7EFD1B5ADF47}.Release|x86.ActiveCfg = Release|Win32
		{D4FB4BA8-6E43-48F9-95C0-7EFD1B5ADF47}.Release|x86.Build.0 = Release|Win32
		{E31F471E-D36A-436E-9FF3-5576F5FCB5E0}.Debug|x64.ActiveCfg = Debug|x64
		{E31F471E-D36A-436E-9FF3-5576F5FCB5E0}.Debug|x64.Build.0 = Debug|x64
		{E31F471E-D36A-436E-9FF3-5576F5FCB5E0}.Debug|x86.ActiveCfg = Debug|Win32
		{E31F471E-D36A-436E-9FF3-5576F5FCB5E0}.Debug|x86.Build.0 = Debug|Win32
		{E31F471E-D36A-436E-9FF3-5576F5FCB5E0}.Release|x64.ActiveCfg = Release|x64
		{E31F471E-D36A-436E-9FF3-5576F5FCB5E0}.Release|x64.Build.0 = Release|x64
		{E31F471E-D36A-436E-9FF3-5576F5FCB5E0}.Release|x86.ActiveCfg = Release|Win32
		{E31F471E-D36A-436E-9FF3-5576F5FCB5E0}.Release|x86.Build.0 = Release|Win32
		{E3C371FD-94FC-43CC-B806-87034406A1F7}.Debug|x64.ActiveCfg = Debug|x64
		{E3C371FD-94FC-43CC-B806-87034406A1F7}.Debug|x64.Build.0 = Debug|x64
		{E3C371FD-94FC-43CC-B806-87034406A1F7}.Debug|x86.ActiveCfg = Debug|Win32
		{E3C371FD-94FC-43CC-B806-87034406A1F7}.Debug|x86.Build.0 = Debug|Win32
		{E3C371FD-94FC-43CC-B806-87034406A1F7}.Release|x64.ActiveCfg = Release|x64
		{E3C371FD-94FC-43CC-B806-87034406A1F7}.Release|x64.Build.0 = Release|x64
		{E3C371FD-94FC-43CC-B806-87034406A1F7}.Release|x86.ActiveCfg = Release|Win32
		{E3C371FD-94FC-43CC-B806-87034406A1F7}.Release|x86.Build.0 = Release|Win32
		{FDB1F559-668D-4226-8D73-322F9370D54F}.Debug|x64.ActiveCfg = Debug|x64
		{FDB1F559-668D-4226-8D73-322F9370D54F}.Debug|x64.Build.0 = Debug|x64
		{FDB1F559-668D-4226-8D73-322F9370D54F}.Debug|x86.ActiveCfg = Debug|Win32
		{FDB1F559-668D-4226-8D73-322F9370D54F}.Debug|x86.Build.0 = Debug|Win32
		{FDB1F559-668D-4226-8D73-322F9370D54F}.Release|x64.ActiveCfg = Release|x64
		{FDB1F559-668D-4226-8D73-322F9370D54F}.Release|x64.Build.0 = Release|x64
		{FDB1F559-668D-4226-8D73-322F9370D54F}.Release|x86.ActiveCfg = Release|Win32
		{FDB1F559-668D-4226-8D73-322F9370D54F}.Release|x86.Build.0 = Release|Win32
		{68F9E6B8-0C67-4F80-9512-566224F3CBBC}.Debug|x64.ActiveCfg = Debug|x64
		{68F9E6B8-0C67-4F80-9512-566224F3CBBC}.Debug|x64.Build.0 = Debug|x64
		{68F9E6B8-0C67-4F80-9512-566224F3CBBC}.Debug|x86.ActiveCfg = Debug|Win32
		{68F9E6B8-0C67-4F80-9512-566224F3CBBC}.Debug|x86.Build.0 = Debug|Win32
		{68F9E6B8-0C67-4F80-9512-566224F3CBBC}.Release|x64.ActiveCfg = Release|x64
		{68F9E6B8-0C67-4F80-9512-566224F3CBBC}.Release|x64.Build.0 = Release|x64
		{68F9E6B8-0C67-4F80-9512-566224F3CBBC}.Release|x86.ActiveCfg = Release|Win32
		{68F9E6B8-0C67-4F80-9512-566224F3CBBC}.Release|x86.Build.0 = Release|Win32
		{A231E7C7-B7A5-4F23-87E3-87A14621A8A8}.Debug|x64.ActiveCfg = Debug|x64
		{A231E7C7-B7A5-4F23-87E3-87A14621A8A8}.Debug|x64.Build.0 = Debug|x64
		{A231E7C7-B7A5-4F23-87E3-87A14621A8A8}.Debug|x86.ActiveCfg = Debug|Win32
		{A231E7C7-B7A5-4F23-87E3-87A14621A8A8}.Debug|x86.Build.0 = Debug|Win32
		{A231E7C7-B7A5-4F23-87E3-87A14621A8A8}.Release|x64.ActiveCfg = Release|x64
		{A231E7C7-B7A5-4F23-87E3-87A14621A8A8}.Release|x64.Build.0 = Release|x64
		{A231E7C7-B7A5-4F23-87E3-87A14621A8A8}.Release|x86.ActiveCfg = Release|Win32
		{A231E7C7-B7A5-4F23-87E3-87A14621A8A8}.Release|x86.Build.0 = Release|Win32
		{42FAA18D-A1EC-4EF1-A46A-CEF97CFBAF00}.Debug|x64.ActiveCfg = Debug|x64
		{42FAA18D-A1EC-4EF1-A46A-CEF97CFBAF00}.Debug|x64.Build.0 = Debug|x64
		{42FAA18D-A1EC-4EF1-A46A-CEF97CFBAF00}.Debug|x86.ActiveCfg = Debug|Win32
		{42FAA18D-A1EC-4EF1-A46A-CEF97CFBAF00}.Debug|x86.Build.0 = Debug|Win32
		{42FAA18D-A1EC-4EF1-A46A-CEF97CFBAF00}.Release|x64.ActiveCfg = Release|x64
		{42FAA18D-A1EC-4EF1-A46A-CEF97CFBAF00}.Release|x64.Build.0 = Release|x64
		{42FAA18D-A1EC-4EF1-A46A-CEF97CFBAF00}.Release|x86.ActiveCfg = Release|Win32
		{42FAA18D-A1EC-4EF1-A46A-CEF97CFBAF00}.Release|x86.Build.0 = Release|Win32
		{D17817F7-EFB0-4110-A50D-9E801D4A1BD4}.Debug|x64.ActiveCfg = Debug|x64
		{D17817F7-EFB0-4110-A50D-9E801D4A1BD4}.Debug|x64.Build.0 = Debug|x64
		{D17817F7-EFB0-4110-A50D-9E801D4A1BD4}.Debug|x86.ActiveCfg = Debug|Win32
		{D17817F7-EFB0-4110-A50D-9E801D4A1BD4}.Debug|x86.Build.0 = Debug|Win32
		{D17817F7-EFB0-4110-A50D-9E801D4A1BD4}.Release|x64.ActiveCfg = Release|x64
		{D17817F7-EFB0-4110-A50D-9E801D4A1BD4}.Release|x64.Build.0 = Release|x64
		{D17817F7-EFB0-4110-A50D-9E801D4A1BD4}.Release|x86.ActiveCfg = Release|Win32
		{D17817F7-EFB0-4110-A50D-9E801D4A1BD4}.Release|x86.Build.0 = Release|Win32
		{CE849734-9384-466C-B67C-F7682C04709D}.Debug|x64.ActiveCfg = Debug|x64
		{CE849734-9384-466C-B67C-F7682C04709D}.Debug|x64.Build.0 = Debug|x64
		{CE849734-9384-466C-B67C-F7682C04709D}.Debug|x86.ActiveCfg = Debug|Win32
		{CE849734-9384-466C-B67C-F7682C04709D}.Debug|x86.Build.0 = Debug|Win32
		{CE849734-9384-466C-B67C-F7682C04709D}.Release|x64.ActiveCfg = Release|x64
		{CE849734-9384-466C-B67C-F7682C04709D}.Release|x64.Build.0 = Release|x64
		{CE849734-9384-466C-B67C-F7682C04709D}.Release|x86.ActiveCfg = Release|Win32
		{CE849734-9384-466C-B67C-F7682C04709D}.Release|x86.Build.0 = Release|Win32
		{235321C2-0E1E-4B44-B1BA-38143C890DAF}.Debug|x64.ActiveCfg = Debug|x64
		{235321C2-0E1E-4B44-B1BA-38143C890DAF}.Debug|x64.Build.0 = Debug|x64
		{235321C2-0E1E-4B44-B1BA-38143C890DAF}.Debug|x86.ActiveCfg = Debug|Win32
		{235321C2-0E1E-4B44-B1BA-38143C890DAF}.Debug|x86.Build.0 = Debug|Win32
		{235321C2-0E1E-4B44-B1BA-38143C890DAF}.Release|x64.ActiveCfg = Release|x64
		{235321C2-0E1E-4B44-B1BA-38143C890DAF}.Release|x64.Build.0 = Release|x64
		{235321C2-0E1E-4B44-B1BA-38143C890DAF}.Release|x86.ActiveCfg = Release|Win32
		{235321C2-0E1E-4B44-B1BA-38143C890DAF}.Release|x86.Build.0 = Release|Win32
		{5774C102-9CAB-4393-B050-BBAFD590F01F}.Debug|x64.ActiveCfg = Debug|x64
		{5774C102-9CAB-4393-B050-BBAFD590F01F}.Debug|x64.Build.0 = Debug|x64
		{5774C102-9CAB-4393-B050-BBAFD590F01F}.Debug|x86.ActiveCfg = Debug|Win32
		{5774C102-9CAB-4393-B050-BBAFD590F01F}.Debug|x86.Build.0 = Debug|Win32
		{5774C102-9CAB-4393-B050-BBAFD590F01F}.Release|x64.ActiveCfg = Release|x64
		{5774C102-9CAB-4393-B050-BBAFD590F01F}.Release|x64.Build.0 = Release|x64
		{5774C102-9CAB-4393-B050-BBAFD590F01F}.Release|x86.ActiveCfg = Release|Win32
		{5774C102-9CAB-4393-B050-BBAFD590F01F}.Release|x86.Build.0 = Release|Win32
		{07C56B2E-E309-4631-A186-1950D2911BD7}.Debug|x64.ActiveCfg = Debug|x64
		{07C56B2E-E309-4631-A186-1950D2911BD7}.Debug|x64.Build.0 = Debug|x64
		{07C56B2E-E309-4631-A186-1950D2911BD7}.Debug|x86.ActiveCfg = Debug|Win32
		{07C56B2E-E309-4631-A186-1950D2911BD7}.Debug|x86.Build.0 = Debug|Win32
		{07C56B2E-E309-4631-A186-1950D2911BD7}.Release|x64.ActiveCfg = Release|x64
		{07C56B2E-E309-4631-A186-1950D2911BD7}.Release|x64.Build.0 = Release|x64
		{07C56B2E-E309-4631-A186-1950D2911BD7}.Release|x86.ActiveCfg = Release|Win32
		{07C56B2E-E309-4631-A186-1950D2911BD7}.Release|x86.Build.0 = Release|Win32
		{9586D0DC-065E-44CE-BD4F-F6C022DF8A23}.Debug|x64.ActiveCfg = Debug|x64
		{9586D0DC-065E-44CE-BD4F-F6C022DF8A23}.Debug|x64.Build.0 = Debug|x64
		{9586D0DC-065E-44CE-BD4F-F6C022DF8A23}.Debug|x86.ActiveCfg = Debug|Win32
		{9586D0DC-065E-44CE-BD4F-F6C022DF8A23}.Debug|x86.Build.0 = Debug|Win32
		{9586D0DC-065E-44CE-BD4F-F6C022DF8A23}.Release|x64.ActiveCfg = Release|x64
		{9586D0DC-065E-44CE-BD4F-F6C022DF8A23}.Release|x64.Build.0 = Release|x64
		{9586D0DC-065E-44CE-BD4F-F6C022DF8A23}.Release|x86.ActiveCfg = Release|Win32
		{9586D0DC-065E-44CE-BD4F-F6C022DF8A23}.Release|x86.Build.0 = Release|Win32
		{9B56D649-367A-48C0-9B20-C93E169C9276}.Debug|x64.ActiveCfg = Debug|x64
		{9B56D649-367A-48C0-9B20-C93E169C9276}.Debug|x64.Build.0 = Debug|x64
		{9B56D649-367A-48C0-9B20-C93E169C9276}.Debug|x86.ActiveCfg = Debug|Win32
		{9B56D649-367A-48C0-9B20-C93E169C9276}.Debug|x86.Build.0 = Debug|Win32
		{9B56D649-367A-48C0-9B20-C93E169C9276}.Release|x64.ActiveCfg = Release|x64
		{9B56D649-367A-48C0-9B20-C93E169C9276}.Release|x64.Build.0 = Release|x64
		{9B56D649-367A-48C0-9B20-C93E169C9276}.Release|x86.ActiveCfg = Release|Win32
		{9B56D649-367A-48C0-9B20-C93E169C9276}.Release|x86.Build.0 = Release|Win32
		{7C07005C-92F1-4B10-9633-E8CFE0C48A85}.Debug|x64.ActiveCfg = Debug|x64
		{7C07005C-92F1-4B10-9633-E8CFE0C48A85}.Debug|x64.Build.0 = Debug|x64
		{7C07005C-92F1-4B10-9633-E8CFE0C48A85}.Debug|x86.ActiveCfg = Debug|Win32
		{7C07005C-92F1-4B10-9633-E8CFE0C48A85}.Debug|x86.Build.0 = Debug|Win32
		{7C07005C-92F1-4B10-9633-E8CFE0C48A85}.Release|x64.ActiveCfg = Release|x64
		{7C07005C-92F1-4B10-9633-E8CFE0C48A85}.Release|x64.Build.0 = Release|x64
		{7C07005C-92F1-4B10-9633-E8CFE0C48A85}.Release|x86.ActiveCfg = Release|Win32
		{7C07005C-92F1-4B10-9633-E8CFE0C48A85}.Release|x86.Build.0 = Release|Win32
	EndGlobalSection
	GlobalSection(SolutionProperties) = preSolution
		HideSolutionNode = FALSE
	EndGlobalSection
	GlobalSection(ExtensibilityGlobals) = postSolution
		SolutionGuid = {FCBA813C-DF73-4B85-BBC6-9C40B5C17824}
	EndGlobalSection
EndGlobal
